// !$*UTF8*$!
{
	archiveVersion = 1;
	classes = {
	};
	objectVersion = 48;
	objects = {

/* Begin PBXBuildFile section */
		2D12E44B1FB066410098926E /* ItemStore.swift in Sources */ = {isa = PBXBuildFile; fileRef = 2D12E44A1FB066410098926E /* ItemStore.swift */; };
		2D5293051FB057780053C333 /* ItemViewController.swift in Sources */ = {isa = PBXBuildFile; fileRef = 2D5293041FB057780053C333 /* ItemViewController.swift */; };
		2D9DCA321FB0594900D84DBD /* Item.swift in Sources */ = {isa = PBXBuildFile; fileRef = 2D9DCA311FB0594900D84DBD /* Item.swift */; };
		2DEBDE131FB0559000DC0D52 /* AppDelegate.swift in Sources */ = {isa = PBXBuildFile; fileRef = 2DEBDE121FB0559000DC0D52 /* AppDelegate.swift */; };
		2DEBDE181FB0559000DC0D52 /* Main.storyboard in Resources */ = {isa = PBXBuildFile; fileRef = 2DEBDE161FB0559000DC0D52 /* Main.storyboard */; };
		2DEBDE1A1FB0559000DC0D52 /* Assets.xcassets in Resources */ = {isa = PBXBuildFile; fileRef = 2DEBDE191FB0559000DC0D52 /* Assets.xcassets */; };
		2DEBDE1D1FB0559000DC0D52 /* LaunchScreen.storyboard in Resources */ = {isa = PBXBuildFile; fileRef = 2DEBDE1B1FB0559000DC0D52 /* LaunchScreen.storyboard */; };
		2DEBDE281FB0559000DC0D52 /* HomepwnerTests.swift in Sources */ = {isa = PBXBuildFile; fileRef = 2DEBDE271FB0559000DC0D52 /* HomepwnerTests.swift */; };
		2DEBDE331FB0559000DC0D52 /* HomepwnerUITests.swift in Sources */ = {isa = PBXBuildFile; fileRef = 2DEBDE321FB0559000DC0D52 /* HomepwnerUITests.swift */; };
/* End PBXBuildFile section */

/* Begin PBXContainerItemProxy section */
		2DEBDE241FB0559000DC0D52 /* PBXContainerItemProxy */ = {
			isa = PBXContainerItemProxy;
			containerPortal = 2DEBDE071FB0558F00DC0D52 /* Project object */;
			proxyType = 1;
			remoteGlobalIDString = 2DEBDE0E1FB0559000DC0D52;
			remoteInfo = Homepwner;
		};
		2DEBDE2F1FB0559000DC0D52 /* PBXContainerItemProxy */ = {
			isa = PBXContainerItemProxy;
			containerPortal = 2DEBDE071FB0558F00DC0D52 /* Project object */;
			proxyType = 1;
			remoteGlobalIDString = 2DEBDE0E1FB0559000DC0D52;
			remoteInfo = Homepwner;
		};
/* End PBXContainerItemProxy section */

/* Begin PBXFileReference section */
		2D12E44A1FB066410098926E /* ItemStore.swift */ = {isa = PBXFileReference; lastKnownFileType = sourcecode.swift; path = ItemStore.swift; sourceTree = "<group>"; };
		2D5293041FB057780053C333 /* ItemViewController.swift */ = {isa = PBXFileReference; lastKnownFileType = sourcecode.swift; path = ItemViewController.swift; sourceTree = "<group>"; };
		2D9DCA311FB0594900D84DBD /* Item.swift */ = {isa = PBXFileReference; lastKnownFileType = sourcecode.swift; path = Item.swift; sourceTree = "<group>"; };
		2DEBDE0F1FB0559000DC0D52 /* Homepwner.app */ = {isa = PBXFileReference; explicitFileType = wrapper.application; includeInIndex = 0; path = Homepwner.app; sourceTree = BUILT_PRODUCTS_DIR; };
		2DEBDE121FB0559000DC0D52 /* AppDelegate.swift */ = {isa = PBXFileReference; lastKnownFileType = sourcecode.swift; path = AppDelegate.swift; sourceTree = "<group>"; };
		2DEBDE171FB0559000DC0D52 /* Base */ = {isa = PBXFileReference; lastKnownFileType = file.storyboard; name = Base; path = Base.lproj/Main.storyboard; sourceTree = "<group>"; };
		2DEBDE191FB0559000DC0D52 /* Assets.xcassets */ = {isa = PBXFileReference; lastKnownFileType = folder.assetcatalog; path = Assets.xcassets; sourceTree = "<group>"; };
		2DEBDE1C1FB0559000DC0D52 /* Base */ = {isa = PBXFileReference; lastKnownFileType = file.storyboard; name = Base; path = Base.lproj/LaunchScreen.storyboard; sourceTree = "<group>"; };
		2DEBDE1E1FB0559000DC0D52 /* Info.plist */ = {isa = PBXFileReference; lastKnownFileType = text.plist.xml; path = Info.plist; sourceTree = "<group>"; };
		2DEBDE231FB0559000DC0D52 /* HomepwnerTests.xctest */ = {isa = PBXFileReference; explicitFileType = wrapper.cfbundle; includeInIndex = 0; path = HomepwnerTests.xctest; sourceTree = BUILT_PRODUCTS_DIR; };
		2DEBDE271FB0559000DC0D52 /* HomepwnerTests.swift */ = {isa = PBXFileReference; lastKnownFileType = sourcecode.swift; path = HomepwnerTests.swift; sourceTree = "<group>"; };
		2DEBDE291FB0559000DC0D52 /* Info.plist */ = {isa = PBXFileReference; lastKnownFileType = text.plist.xml; path = Info.plist; sourceTree = "<group>"; };
		2DEBDE2E1FB0559000DC0D52 /* HomepwnerUITests.xctest */ = {isa = PBXFileReference; explicitFileType = wrapper.cfbundle; includeInIndex = 0; path = HomepwnerUITests.xctest; sourceTree = BUILT_PRODUCTS_DIR; };
		2DEBDE321FB0559000DC0D52 /* HomepwnerUITests.swift */ = {isa = PBXFileReference; lastKnownFileType = sourcecode.swift; path = HomepwnerUITests.swift; sourceTree = "<group>"; };
		2DEBDE341FB0559000DC0D52 /* Info.plist */ = {isa = PBXFileReference; lastKnownFileType = text.plist.xml; path = Info.plist; sourceTree = "<group>"; };
/* End PBXFileReference section */

/* Begin PBXFrameworksBuildPhase section */
		2DEBDE0C1FB0559000DC0D52 /* Frameworks */ = {
			isa = PBXFrameworksBuildPhase;
			buildActionMask = 2147483647;
			files = (
			);
			runOnlyForDeploymentPostprocessing = 0;
		};
		2DEBDE201FB0559000DC0D52 /* Frameworks */ = {
			isa = PBXFrameworksBuildPhase;
			buildActionMask = 2147483647;
			files = (
			);
			runOnlyForDeploymentPostprocessing = 0;
		};
		2DEBDE2B1FB0559000DC0D52 /* Frameworks */ = {
			isa = PBXFrameworksBuildPhase;
			buildActionMask = 2147483647;
			files = (
			);
			runOnlyForDeploymentPostprocessing = 0;
		};
/* End PBXFrameworksBuildPhase section */

/* Begin PBXGroup section */
		2DEBDE061FB0558F00DC0D52 = {
			isa = PBXGroup;
			children = (
				2DEBDE111FB0559000DC0D52 /* Homepwner */,
				2DEBDE261FB0559000DC0D52 /* HomepwnerTests */,
				2DEBDE311FB0559000DC0D52 /* HomepwnerUITests */,
				2DEBDE101FB0559000DC0D52 /* Products */,
			);
			sourceTree = "<group>";
		};
		2DEBDE101FB0559000DC0D52 /* Products */ = {
			isa = PBXGroup;
			children = (
				2DEBDE0F1FB0559000DC0D52 /* Homepwner.app */,
				2DEBDE231FB0559000DC0D52 /* HomepwnerTests.xctest */,
				2DEBDE2E1FB0559000DC0D52 /* HomepwnerUITests.xctest */,
			);
			name = Products;
			sourceTree = "<group>";
		};
		2DEBDE111FB0559000DC0D52 /* Homepwner */ = {
			isa = PBXGroup;
			children = (
				2DEBDE121FB0559000DC0D52 /* AppDelegate.swift */,
				2D5293041FB057780053C333 /* ItemViewController.swift */,
				2D9DCA311FB0594900D84DBD /* Item.swift */,
				2D12E44A1FB066410098926E /* ItemStore.swift */,
				2DEBDE161FB0559000DC0D52 /* Main.storyboard */,
				2DEBDE191FB0559000DC0D52 /* Assets.xcassets */,
				2DEBDE1B1FB0559000DC0D52 /* LaunchScreen.storyboard */,
				2DEBDE1E1FB0559000DC0D52 /* Info.plist */,
			);
			path = Homepwner;
			sourceTree = "<group>";
		};
		2DEBDE261FB0559000DC0D52 /* HomepwnerTests */ = {
			isa = PBXGroup;
			children = (
				2DEBDE271FB0559000DC0D52 /* HomepwnerTests.swift */,
				2DEBDE291FB0559000DC0D52 /* Info.plist */,
			);
			path = HomepwnerTests;
			sourceTree = "<group>";
		};
		2DEBDE311FB0559000DC0D52 /* HomepwnerUITests */ = {
			isa = PBXGroup;
			children = (
				2DEBDE321FB0559000DC0D52 /* HomepwnerUITests.swift */,
				2DEBDE341FB0559000DC0D52 /* Info.plist */,
			);
			path = HomepwnerUITests;
			sourceTree = "<group>";
		};
/* End PBXGroup section */

/* Begin PBXNativeTarget section */
		2DEBDE0E1FB0559000DC0D52 /* Homepwner */ = {
			isa = PBXNativeTarget;
			buildConfigurationList = 2DEBDE371FB0559000DC0D52 /* Build configuration list for PBXNativeTarget "Homepwner" */;
			buildPhases = (
				2DEBDE0B1FB0559000DC0D52 /* Sources */,
				2DEBDE0C1FB0559000DC0D52 /* Frameworks */,
				2DEBDE0D1FB0559000DC0D52 /* Resources */,
			);
			buildRules = (
			);
			dependencies = (
			);
			name = Homepwner;
			productName = Homepwner;
			productReference = 2DEBDE0F1FB0559000DC0D52 /* Homepwner.app */;
			productType = "com.apple.product-type.application";
		};
		2DEBDE221FB0559000DC0D52 /* HomepwnerTests */ = {
			isa = PBXNativeTarget;
			buildConfigurationList = 2DEBDE3A1FB0559000DC0D52 /* Build configuration list for PBXNativeTarget "HomepwnerTests" */;
			buildPhases = (
				2DEBDE1F1FB0559000DC0D52 /* Sources */,
				2DEBDE201FB0559000DC0D52 /* Frameworks */,
				2DEBDE211FB0559000DC0D52 /* Resources */,
			);
			buildRules = (
			);
			dependencies = (
				2DEBDE251FB0559000DC0D52 /* PBXTargetDependency */,
			);
			name = HomepwnerTests;
			productName = HomepwnerTests;
			productReference = 2DEBDE231FB0559000DC0D52 /* HomepwnerTests.xctest */;
			productType = "com.apple.product-type.bundle.unit-test";
		};
		2DEBDE2D1FB0559000DC0D52 /* HomepwnerUITests */ = {
			isa = PBXNativeTarget;
			buildConfigurationList = 2DEBDE3D1FB0559000DC0D52 /* Build configuration list for PBXNativeTarget "HomepwnerUITests" */;
			buildPhases = (
				2DEBDE2A1FB0559000DC0D52 /* Sources */,
				2DEBDE2B1FB0559000DC0D52 /* Frameworks */,
				2DEBDE2C1FB0559000DC0D52 /* Resources */,
			);
			buildRules = (
			);
			dependencies = (
				2DEBDE301FB0559000DC0D52 /* PBXTargetDependency */,
			);
			name = HomepwnerUITests;
			productName = HomepwnerUITests;
			productReference = 2DEBDE2E1FB0559000DC0D52 /* HomepwnerUITests.xctest */;
			productType = "com.apple.product-type.bundle.ui-testing";
		};
/* End PBXNativeTarget section */

/* Begin PBXProject section */
		2DEBDE071FB0558F00DC0D52 /* Project object */ = {
			isa = PBXProject;
			attributes = {
				LastSwiftUpdateCheck = 0900;
				LastUpgradeCheck = 0900;
				ORGANIZATIONNAME = "杨佩璋";
				TargetAttributes = {
					2DEBDE0E1FB0559000DC0D52 = {
						CreatedOnToolsVersion = 9.0;
						ProvisioningStyle = Automatic;
					};
					2DEBDE221FB0559000DC0D52 = {
						CreatedOnToolsVersion = 9.0;
						ProvisioningStyle = Automatic;
						TestTargetID = 2DEBDE0E1FB0559000DC0D52;
					};
					2DEBDE2D1FB0559000DC0D52 = {
						CreatedOnToolsVersion = 9.0;
						ProvisioningStyle = Automatic;
						TestTargetID = 2DEBDE0E1FB0559000DC0D52;
					};
				};
			};
			buildConfigurationList = 2DEBDE0A1FB0558F00DC0D52 /* Build configuration list for PBXProject "Homepwner" */;
			compatibilityVersion = "Xcode 8.0";
			developmentRegion = en;
			hasScannedForEncodings = 0;
			knownRegions = (
				en,
				Base,
			);
			mainGroup = 2DEBDE061FB0558F00DC0D52;
			productRefGroup = 2DEBDE101FB0559000DC0D52 /* Products */;
			projectDirPath = "";
			projectRoot = "";
			targets = (
				2DEBDE0E1FB0559000DC0D52 /* Homepwner */,
				2DEBDE221FB0559000DC0D52 /* HomepwnerTests */,
				2DEBDE2D1FB0559000DC0D52 /* HomepwnerUITests */,
			);
		};
/* End PBXProject section */

/* Begin PBXResourcesBuildPhase section */
		2DEBDE0D1FB0559000DC0D52 /* Resources */ = {
			isa = PBXResourcesBuildPhase;
			buildActionMask = 2147483647;
			files = (
				2DEBDE1D1FB0559000DC0D52 /* LaunchScreen.storyboard in Resources */,
				2DEBDE1A1FB0559000DC0D52 /* Assets.xcassets in Resources */,
				2DEBDE181FB0559000DC0D52 /* Main.storyboard in Resources */,
			);
			runOnlyForDeploymentPostprocessing = 0;
		};
		2DEBDE211FB0559000DC0D52 /* Resources */ = {
			isa = PBXResourcesBuildPhase;
			buildActionMask = 2147483647;
			files = (
			);
			runOnlyForDeploymentPostprocessing = 0;
		};
		2DEBDE2C1FB0559000DC0D52 /* Resources */ = {
			isa = PBXResourcesBuildPhase;
			buildActionMask = 2147483647;
			files = (
			);
			runOnlyForDeploymentPostprocessing = 0;
		};
/* End PBXResourcesBuildPhase section */

/* Begin PBXSourcesBuildPhase section */
		2DEBDE0B1FB0559000DC0D52 /* Sources */ = {
			isa = PBXSourcesBuildPhase;
			buildActionMask = 2147483647;
			files = (
				2DEBDE131FB0559000DC0D52 /* AppDelegate.swift in Sources */,
				2D9DCA321FB0594900D84DBD /* Item.swift in Sources */,
				2D12E44B1FB066410098926E /* ItemStore.swift in Sources */,
				2D5293051FB057780053C333 /* ItemViewController.swift in Sources */,
			);
			runOnlyForDeploymentPostprocessing = 0;
		};
		2DEBDE1F1FB0559000DC0D52 /* Sources */ = {
			isa = PBXSourcesBuildPhase;
			buildActionMask = 2147483647;
			files = (
				2DEBDE281FB0559000DC0D52 /* HomepwnerTests.swift in Sources */,
			);
			runOnlyForDeploymentPostprocessing = 0;
		};
		2DEBDE2A1FB0559000DC0D52 /* Sources */ = {
			isa = PBXSourcesBuildPhase;
			buildActionMask = 2147483647;
			files = (
				2DEBDE331FB0559000DC0D52 /* HomepwnerUITests.swift in Sources */,
			);
			runOnlyForDeploymentPostprocessing = 0;
		};
/* End PBXSourcesBuildPhase section */

/* Begin PBXTargetDependency section */
		2DEBDE251FB0559000DC0D52 /* PBXTargetDependency */ = {
			isa = PBXTargetDependency;
			target = 2DEBDE0E1FB0559000DC0D52 /* Homepwner */;
			targetProxy = 2DEBDE241FB0559000DC0D52 /* PBXContainerItemProxy */;
		};
		2DEBDE301FB0559000DC0D52 /* PBXTargetDependency */ = {
			isa = PBXTargetDependency;
			target = 2DEBDE0E1FB0559000DC0D52 /* Homepwner */;
			targetProxy = 2DEBDE2F1FB0559000DC0D52 /* PBXContainerItemProxy */;
		};
/* End PBXTargetDependency section */

/* Begin PBXVariantGroup section */
		2DEBDE161FB0559000DC0D52 /* Main.storyboard */ = {
			isa = PBXVariantGroup;
			children = (
				2DEBDE171FB0559000DC0D52 /* Base */,
			);
			name = Main.storyboard;
			sourceTree = "<group>";
		};
		2DEBDE1B1FB0559000DC0D52 /* LaunchScreen.storyboard */ = {
			isa = PBXVariantGroup;
			children = (
				2DEBDE1C1FB0559000DC0D52 /* Base */,
			);
			name = LaunchScreen.storyboard;
			sourceTree = "<group>";
		};
/* End PBXVariantGroup section */

/* Begin XCBuildConfiguration section */
		2DEBDE351FB0559000DC0D52 /* Debug */ = {
			isa = XCBuildConfiguration;
			buildSettings = {
				ALWAYS_SEARCH_USER_PATHS = NO;
				CLANG_ANALYZER_NONNULL = YES;
				CLANG_ANALYZER_NUMBER_OBJECT_CONVERSION = YES_AGGRESSIVE;
				CLANG_CXX_LANGUAGE_STANDARD = "gnu++14";
				CLANG_CXX_LIBRARY = "libc++";
				CLANG_ENABLE_MODULES = YES;
				CLANG_ENABLE_OBJC_ARC = YES;
				CLANG_WARN_BLOCK_CAPTURE_AUTORELEASING = YES;
				CLANG_WARN_BOOL_CONVERSION = YES;
				CLANG_WARN_COMMA = YES;
				CLANG_WARN_CONSTANT_CONVERSION = YES;
				CLANG_WARN_DIRECT_OBJC_ISA_USAGE = YES_ERROR;
				CLANG_WARN_DOCUMENTATION_COMMENTS = YES;
				CLANG_WARN_EMPTY_BODY = YES;
				CLANG_WARN_ENUM_CONVERSION = YES;
				CLANG_WARN_INFINITE_RECURSION = YES;
				CLANG_WARN_INT_CONVERSION = YES;
				CLANG_WARN_NON_LITERAL_NULL_CONVERSION = YES;
				CLANG_WARN_OBJC_LITERAL_CONVERSION = YES;
				CLANG_WARN_OBJC_ROOT_CLASS = YES_ERROR;
				CLANG_WARN_RANGE_LOOP_ANALYSIS = YES;
				CLANG_WARN_STRICT_PROTOTYPES = YES;
				CLANG_WARN_SUSPICIOUS_MOVE = YES;
				CLANG_WARN_UNGUARDED_AVAILABILITY = YES_AGGRESSIVE;
				CLANG_WARN_UNREACHABLE_CODE = YES;
				CLANG_WARN__DUPLICATE_METHOD_MATCH = YES;
				CODE_SIGN_IDENTITY = "iPhone Developer";
				COPY_PHASE_STRIP = NO;
				DEBUG_INFORMATION_FORMAT = dwarf;
				ENABLE_STRICT_OBJC_MSGSEND = YES;
				ENABLE_TESTABILITY = YES;
				GCC_C_LANGUAGE_STANDARD = gnu11;
				GCC_DYNAMIC_NO_PIC = NO;
				GCC_NO_COMMON_BLOCKS = YES;
				GCC_OPTIMIZATION_LEVEL = 0;
				GCC_PREPROCESSOR_DEFINITIONS = (
					"DEBUG=1",
					"$(inherited)",
				);
				GCC_WARN_64_TO_32_BIT_CONVERSION = YES;
				GCC_WARN_ABOUT_RETURN_TYPE = YES_ERROR;
				GCC_WARN_UNDECLARED_SELECTOR = YES;
				GCC_WARN_UNINITIALIZED_AUTOS = YES_AGGRESSIVE;
				GCC_WARN_UNUSED_FUNCTION = YES;
				GCC_WARN_UNUSED_VARIABLE = YES;
				IPHONEOS_DEPLOYMENT_TARGET = 11.0;
				MTL_ENABLE_DEBUG_INFO = YES;
				ONLY_ACTIVE_ARCH = YES;
				SDKROOT = iphoneos;
				SWIFT_ACTIVE_COMPILATION_CONDITIONS = DEBUG;
				SWIFT_OPTIMIZATION_LEVEL = "-Onone";
			};
			name = Debug;
		};
		2DEBDE361FB0559000DC0D52 /* Release */ = {
			isa = XCBuildConfiguration;
			buildSettings = {
				ALWAYS_SEARCH_USER_PATHS = NO;
				CLANG_ANALYZER_NONNULL = YES;
				CLANG_ANALYZER_NUMBER_OBJECT_CONVERSION = YES_AGGRESSIVE;
				CLANG_CXX_LANGUAGE_STANDARD = "gnu++14";
				CLANG_CXX_LIBRARY = "libc++";
				CLANG_ENABLE_MODULES = YES;
				CLANG_ENABLE_OBJC_ARC = YES;
				CLANG_WARN_BLOCK_CAPTURE_AUTORELEASING = YES;
				CLANG_WARN_BOOL_CONVERSION = YES;
				CLANG_WARN_COMMA = YES;
				CLANG_WARN_CONSTANT_CONVERSION = YES;
				CLANG_WARN_DIRECT_OBJC_ISA_USAGE = YES_ERROR;
				CLANG_WARN_DOCUMENTATION_COMMENTS = YES;
				CLANG_WARN_EMPTY_BODY = YES;
				CLANG_WARN_ENUM_CONVERSION = YES;
				CLANG_WARN_INFINITE_RECURSION = YES;
				CLANG_WARN_INT_CONVERSION = YES;
				CLANG_WARN_NON_LITERAL_NULL_CONVERSION = YES;
				CLANG_WARN_OBJC_LITERAL_CONVERSION = YES;
				CLANG_WARN_OBJC_ROOT_CLASS = YES_ERROR;
				CLANG_WARN_RANGE_LOOP_ANALYSIS = YES;
				CLANG_WARN_STRICT_PROTOTYPES = YES;
				CLANG_WARN_SUSPICIOUS_MOVE = YES;
				CLANG_WARN_UNGUARDED_AVAILABILITY = YES_AGGRESSIVE;
				CLANG_WARN_UNREACHABLE_CODE = YES;
				CLANG_WARN__DUPLICATE_METHOD_MATCH = YES;
				CODE_SIGN_IDENTITY = "iPhone Developer";
				COPY_PHASE_STRIP = NO;
				DEBUG_INFORMATION_FORMAT = "dwarf-with-dsym";
				ENABLE_NS_ASSERTIONS = NO;
				ENABLE_STRICT_OBJC_MSGSEND = YES;
				GCC_C_LANGUAGE_STANDARD = gnu11;
				GCC_NO_COMMON_BLOCKS = YES;
				GCC_WARN_64_TO_32_BIT_CONVERSION = YES;
				GCC_WARN_ABOUT_RETURN_TYPE = YES_ERROR;
				GCC_WARN_UNDECLARED_SELECTOR = YES;
				GCC_WARN_UNINITIALIZED_AUTOS = YES_AGGRESSIVE;
				GCC_WARN_UNUSED_FUNCTION = YES;
				GCC_WARN_UNUSED_VARIABLE = YES;
				IPHONEOS_DEPLOYMENT_TARGET = 11.0;
				MTL_ENABLE_DEBUG_INFO = NO;
				SDKROOT = iphoneos;
				SWIFT_OPTIMIZATION_LEVEL = "-Owholemodule";
				VALIDATE_PRODUCT = YES;
			};
			name = Release;
		};
		2DEBDE381FB0559000DC0D52 /* Debug */ = {
			isa = XCBuildConfiguration;
			buildSettings = {
				ASSETCATALOG_COMPILER_APPICON_NAME = AppIcon;
				CODE_SIGN_STYLE = Automatic;
				INFOPLIST_FILE = Homepwner/Info.plist;
				LD_RUNPATH_SEARCH_PATHS = "$(inherited) @executable_path/Frameworks";
				PRODUCT_BUNDLE_IDENTIFIER = peizhang.Homepwner;
				PRODUCT_NAME = "$(TARGET_NAME)";
				SWIFT_VERSION = 4.0;
				TARGETED_DEVICE_FAMILY = "1,2";
			};
			name = Debug;
		};
		2DEBDE391FB0559000DC0D52 /* Release */ = {
			isa = XCBuildConfiguration;
			buildSettings = {
				ASSETCATALOG_COMPILER_APPICON_NAME = AppIcon;
				CODE_SIGN_STYLE = Automatic;
				INFOPLIST_FILE = Homepwner/Info.plist;
				LD_RUNPATH_SEARCH_PATHS = "$(inherited) @executable_path/Frameworks";
				PRODUCT_BUNDLE_IDENTIFIER = peizhang.Homepwner;
				PRODUCT_NAME = "$(TARGET_NAME)";
				SWIFT_VERSION = 4.0;
				TARGETED_DEVICE_FAMILY = "1,2";
			};
			name = Release;
		};
		2DEBDE3B1FB0559000DC0D52 /* Debug */ = {
			isa = XCBuildConfiguration;
			buildSettings = {
				ALWAYS_EMBED_SWIFT_STANDARD_LIBRARIES = YES;
				BUNDLE_LOADER = "$(TEST_HOST)";
				CODE_SIGN_STYLE = Automatic;
				INFOPLIST_FILE = HomepwnerTests/Info.plist;
				LD_RUNPATH_SEARCH_PATHS = "$(inherited) @executable_path/Frameworks @loader_path/Frameworks";
				PRODUCT_BUNDLE_IDENTIFIER = peizhang.HomepwnerTests;
				PRODUCT_NAME = "$(TARGET_NAME)";
				SWIFT_VERSION = 4.0;
				TARGETED_DEVICE_FAMILY = "1,2";
				TEST_HOST = "$(BUILT_PRODUCTS_DIR)/Homepwner.app/Homepwner";
			};
			name = Debug;
		};
		2DEBDE3C1FB0559000DC0D52 /* Release */ = {
			isa = XCBuildConfiguration;
			buildSettings = {
				ALWAYS_EMBED_SWIFT_STANDARD_LIBRARIES = YES;
				BUNDLE_LOADER = "$(TEST_HOST)";
				CODE_SIGN_STYLE = Automatic;
				INFOPLIST_FILE = HomepwnerTests/Info.plist;
				LD_RUNPATH_SEARCH_PATHS = "$(inherited) @executable_path/Frameworks @loader_path/Frameworks";
				PRODUCT_BUNDLE_IDENTIFIER = peizhang.HomepwnerTests;
				PRODUCT_NAME = "$(TARGET_NAME)";
				SWIFT_VERSION = 4.0;
				TARGETED_DEVICE_FAMILY = "1,2";
				TEST_HOST = "$(BUILT_PRODUCTS_DIR)/Homepwner.app/Homepwner";
			};
			name = Release;
		};
		2DEBDE3E1FB0559000DC0D52 /* Debug */ = {
			isa = XCBuildConfiguration;
			buildSettings = {
				ALWAYS_EMBED_SWIFT_STANDARD_LIBRARIES = YES;
				CODE_SIGN_STYLE = Automatic;
				INFOPLIST_FILE = HomepwnerUITests/Info.plist;
				LD_RUNPATH_SEARCH_PATHS = "$(inherited) @executable_path/Frameworks @loader_path/Frameworks";
				PRODUCT_BUNDLE_IDENTIFIER = peizhang.HomepwnerUITests;
				PRODUCT_NAME = "$(TARGET_NAME)";
				SWIFT_VERSION = 4.0;
				TARGETED_DEVICE_FAMILY = "1,2";
				TEST_TARGET_NAME = Homepwner;
			};
			name = Debug;
		};
		2DEBDE3F1FB0559000DC0D52 /* Release */ = {
			isa = XCBuildConfiguration;
			buildSettings = {
				ALWAYS_EMBED_SWIFT_STANDARD_LIBRARIES = YES;
				CODE_SIGN_STYLE = Automatic;
				INFOPLIST_FILE = HomepwnerUITests/Info.plist;
				LD_RUNPATH_SEARCH_PATHS = "$(inherited) @executable_path/Frameworks @loader_path/Frameworks";
				PRODUCT_BUNDLE_IDENTIFIER = peizhang.HomepwnerUITests;
				PRODUCT_NAME = "$(TARGET_NAME)";
				SWIFT_VERSION = 4.0;
				TARGETED_DEVICE_FAMILY = "1,2";
				TEST_TARGET_NAME = Homepwner;
			};
			name = Release;
		};
/* End XCBuildConfiguration section */

/* Begin XCConfigurationList section */
		2DEBDE0A1FB0558F00DC0D52 /* Build configuration list for PBXProject "Homepwner" */ = {
			isa = XCConfigurationList;
			buildConfigurations = (
				2DEBDE351FB0559000DC0D52 /* Debug */,
				2DEBDE361FB0559000DC0D52 /* Release */,
			);
			defaultConfigurationIsVisible = 0;
			defaultConfigurationName = Release;
		};
		2DEBDE371FB0559000DC0D52 /* Build configuration list for PBXNativeTarget "Homepwner" */ = {
			isa = XCConfigurationList;
			buildConfigurations = (
				2DEBDE381FB0559000DC0D52 /* Debug */,
				2DEBDE391FB0559000DC0D52 /* Release */,
			);
			defaultConfigurationIsVisible = 0;
			defaultConfigurationName = Release;
		};
		2DEBDE3A1FB0559000DC0D52 /* Build configuration list for PBXNativeTarget "HomepwnerTests" */ = {
			isa = XCConfigurationList;
			buildConfigurations = (
				2DEBDE3B1FB0559000DC0D52 /* Debug */,
				2DEBDE3C1FB0559000DC0D52 /* Release */,
			);
			defaultConfigurationIsVisible = 0;
			defaultConfigurationName = Release;
		};
		2DEBDE3D1FB0559000DC0D52 /* Build configuration list for PBXNativeTarget "HomepwnerUITests" */ = {
			isa = XCConfigurationList;
			buildConfigurations = (
				2DEBDE3E1FB0559000DC0D52 /* Debug */,
				2DEBDE3F1FB0559000DC0D52 /* Release */,
			);
			defaultConfigurationIsVisible = 0;
			defaultConfigurationName = Release;
		};
/* End XCConfigurationList section */
	};
	rootObject = 2DEBDE071FB0558F00DC0D52 /* Project object */;
}
